
Microsoft Visual Studio Solution File, Format Version 12.00
# Visual Studio Version 17
VisualStudioVersion = 17.14.36203.30
MinimumVisualStudioVersion = 10.0.40219.1
Project("{8BC9CEB8-8B4A-11D0-8D11-00A0C91BC942}") = "numlib", "numlib\numlib.vcxproj", "{2F338F34-E84C-4DA7-B0A5-766F4D3BCB60}"
EndProject
Project("{8BC9CEB8-8B4A-11D0-8D11-00A0C91BC942}") = "numlib-tests", "numlib-tests\numlib-tests.vcxproj", "{E0EAB463-3FE6-49F8-A9F7-4BC7B4059891}"
	ProjectSection(ProjectDependencies) = postProject
		{2F338F34-E84C-4DA7-B0A5-766F4D3BCB60} = {2F338F34-E84C-4DA7-B0A5-766F4D3BCB60}
	EndProjectSection
EndProject
Global
	GlobalSection(SolutionConfigurationPlatforms) = preSolution
		Debug|x64 = Debug|x64
		Debug|x86 = Debug|x86
		Release|x64 = Release|x64
		Release|x86 = Release|x86
	EndGlobalSection
	GlobalSection(ProjectConfigurationPlatforms) = postSolution
		{2F338F34-E84C-4DA7-B0A5-766F4D3BCB60}.Debug|x64.ActiveCfg = Debug|x64
		{2F338F34-E84C-4DA7-B0A5-766F4D3BCB60}.Debug|x64.Build.0 = Debug|x64
		{2F338F34-E84C-4DA7-B0A5-766F4D3BCB60}.Debug|x86.ActiveCfg = Debug|Win32
		{2F338F34-E84C-4DA7-B0A5-766F4D3BCB60}.Debug|x86.Build.0 = Debug|Win32
		{2F338F34-E84C-4DA7-B0A5-766F4D3BCB60}.Release|x64.ActiveCfg = Release|x64
		{2F338F34-E84C-4DA7-B0A5-766F4D3BCB60}.Release|x64.Build.0 = Release|x64
		{2F338F34-E84C-4DA7-B0A5-766F4D3BCB60}.Release|x86.ActiveCfg = Release|Win32
		{2F338F34-E84C-4DA7-B0A5-766F4D3BCB60}.Release|x86.Build.0 = Release|Win32
		{E0EAB463-3FE6-49F8-A9F7-4BC7B4059891}.Debug|x64.ActiveCfg = Debug|x64
		{E0EAB463-3FE6-49F8-A9F7-4BC7B4059891}.Debug|x64.Build.0 = Debug|x64
		{E0EAB463-3FE6-49F8-A9F7-4BC7B4059891}.Debug|x86.ActiveCfg = Debug|Win32
		{E0EAB463-3FE6-49F8-A9F7-4BC7B4059891}.Debug|x86.Build.0 = Debug|Win32
		{E0EAB463-3FE6-49F8-A9F7-4BC7B4059891}.Release|x64.ActiveCfg = Release|x64
		{E0EAB463-3FE6-49F8-A9F7-4BC7B4059891}.Release|x64.Build.0 = Release|x64
		{E0EAB463-3FE6-49F8-A9F7-4BC7B4059891}.Release|x86.ActiveCfg = Release|Win32
		{E0EAB463-3FE6-49F8-A9F7-4BC7B4059891}.Release|x86.Build.0 = Release|Win32
	EndGlobalSection
	GlobalSection(SolutionProperties) = preSolution
		HideSolutionNode = FALSE
	EndGlobalSection
	GlobalSection(ExtensibilityGlobals) = postSolution
		SolutionGuid = {BDD3C5A3-9ED8-47EF-B057-33344D221F8E}
	EndGlobalSection
EndGlobal
